
Microsoft Visual Studio Solution File, Format Version 12.00
# Visual Studio Version 16
VisualStudioVersion = 16.0.30907.101
MinimumVisualStudioVersion = 10.0.40219.1
Project("{FAE04EC0-301F-11D3-BF4B-00C04F79EFBC}") = "WebApplication1_2021_02_17_secondASPNET", "WebApplication1_2021_02_17_secondASPNET\WebApplication1_2021_02_17_secondASPNET.csproj", "{2B81F45B-631D-4FA9-8A8A-5DED4B51230C}"
EndProject
Global
	GlobalSection(SolutionConfigurationPlatforms) = preSolution
		Debug|Any CPU = Debug|Any CPU
		Release|Any CPU = Release|Any CPU
	EndGlobalSection
	GlobalSection(ProjectConfigurationPlatforms) = postSolution
		{2B81F45B-631D-4FA9-8A8A-5DED4B51230C}.Debug|Any CPU.ActiveCfg = Debug|Any CPU
		{2B81F45B-631D-4FA9-8A8A-5DED4B51230C}.Debug|Any CPU.Build.0 = Debug|Any CPU
		{2B81F45B-631D-4FA9-8A8A-5DED4B51230C}.Release|Any CPU.ActiveCfg = Release|Any CPU
		{2B81F45B-631D-4FA9-8A8A-5DED4B51230C}.Release|Any CPU.Build.0 = Release|Any CPU
	EndGlobalSection
	GlobalSection(SolutionProperties) = preSolution
		HideSolutionNode = FALSE
	EndGlobalSection
	GlobalSection(ExtensibilityGlobals) = postSolution
		SolutionGuid = {B6150B5F-00AE-416E-ADA4-504587B2FD6A}
	EndGlobalSection
EndGlobal
